
Microsoft Visual Studio Solution File, Format Version 12.00
# Visual Studio Version 17
VisualStudioVersion = 17.2.32616.157
MinimumVisualStudioVersion = 10.0.40219.1
Project("{FAE04EC0-301F-11D3-BF4B-00C04F79EFBC}") = "WebApplication1", "WebApplication1.csproj", "{90B6F0FB-5E3E-4244-B420-634D44C8CF1E}"
EndProject
Global
	GlobalSection(SolutionConfigurationPlatforms) = preSolution
		Debug|Any CPU = Debug|Any CPU
		Release|Any CPU = Release|Any CPU
	EndGlobalSection
	GlobalSection(ProjectConfigurationPlatforms) = postSolution
		{90B6F0FB-5E3E-4244-B420-634D44C8CF1E}.Debug|Any CPU.ActiveCfg = Debug|Any CPU
		{90B6F0FB-5E3E-4244-B420-634D44C8CF1E}.Debug|Any CPU.Build.0 = Debug|Any CPU
		{90B6F0FB-5E3E-4244-B420-634D44C8CF1E}.Release|Any CPU.ActiveCfg = Release|Any CPU
		{90B6F0FB-5E3E-4244-B420-634D44C8CF1E}.Release|Any CPU.Build.0 = Release|Any CPU
	EndGlobalSection
	GlobalSection(SolutionProperties) = preSolution
		HideSolutionNode = FALSE
	EndGlobalSection
	GlobalSection(ExtensibilityGlobals) = postSolution
		SolutionGuid = {8B44F0BF-C93A-446D-BA9A-61F695D493FF}
	EndGlobalSection
EndGlobal
